// !$*UTF8*$!
{
	archiveVersion = 1;
	classes = {
	};
	objectVersion = 46;
	objects = {

/* Begin PBXBuildFile section */
		29E04DAE171C73DB006B597F /* UIKit.framework in Frameworks */ = {isa = PBXBuildFile; fileRef = 29E04DAD171C73DB006B597F /* UIKit.framework */; };
		29E04DB0171C73DB006B597F /* Foundation.framework in Frameworks */ = {isa = PBXBuildFile; fileRef = 29E04DAF171C73DB006B597F /* Foundation.framework */; };
		29E04DB2171C73DB006B597F /* CoreGraphics.framework in Frameworks */ = {isa = PBXBuildFile; fileRef = 29E04DB1171C73DB006B597F /* CoreGraphics.framework */; };
		29E04DB8171C73DB006B597F /* InfoPlist.strings in Resources */ = {isa = PBXBuildFile; fileRef = 29E04DB6171C73DB006B597F /* InfoPlist.strings */; };
		29E04DBA171C73DB006B597F /* main.m in Sources */ = {isa = PBXBuildFile; fileRef = 29E04DB9171C73DB006B597F /* main.m */; };
		29E04DBE171C73DB006B597F /* ZAppDelegate.m in Sources */ = {isa = PBXBuildFile; fileRef = 29E04DBD171C73DB006B597F /* ZAppDelegate.m */; };
		29E04DC0171C73DB006B597F /* Default.png in Resources */ = {isa = PBXBuildFile; fileRef = 29E04DBF171C73DB006B597F /* Default.png */; };
		29E04DC2171C73DB006B597F /* Default@2x.png in Resources */ = {isa = PBXBuildFile; fileRef = 29E04DC1171C73DB006B597F /* Default@2x.png */; };
		29E04DC4171C73DB006B597F /* Default-568h@2x.png in Resources */ = {isa = PBXBuildFile; fileRef = 29E04DC3171C73DB006B597F /* Default-568h@2x.png */; };
		29E04DC7171C73DB006B597F /* ZViewController.m in Sources */ = {isa = PBXBuildFile; fileRef = 29E04DC6171C73DB006B597F /* ZViewController.m */; };
		29E04DCA171C73DB006B597F /* ZViewController.xib in Resources */ = {isa = PBXBuildFile; fileRef = 29E04DC8171C73DB006B597F /* ZViewController.xib */; };
		29E04DD6171C73ED006B597F /* LICENSE.md in Resources */ = {isa = PBXBuildFile; fileRef = 29E04DD1171C73ED006B597F /* LICENSE.md */; };
		29E04DD7171C73ED006B597F /* README.md in Resources */ = {isa = PBXBuildFile; fileRef = 29E04DD2171C73ED006B597F /* README.md */; };
		29E04DD8171C73ED006B597F /* SKBounceAnimation.m in Sources */ = {isa = PBXBuildFile; fileRef = 29E04DD5171C73ED006B597F /* SKBounceAnimation.m */; };
		29E04DDB171C740E006B597F /* Message_Checking.png in Resources */ = {isa = PBXBuildFile; fileRef = 29E04DD9171C740E006B597F /* Message_Checking.png */; };
		29E04DDC171C740E006B597F /* Message_Checking@2x.png in Resources */ = {isa = PBXBuildFile; fileRef = 29E04DDA171C740E006B597F /* Message_Checking@2x.png */; };
		29E04DDE171C76EE006B597F /* QuartzCore.framework in Frameworks */ = {isa = PBXBuildFile; fileRef = 29E04DDD171C76EE006B597F /* QuartzCore.framework */; };
		29E04DE1171C8578006B597F /* Message_Checking_outline.png in Resources */ = {isa = PBXBuildFile; fileRef = 29E04DDF171C8578006B597F /* Message_Checking_outline.png */; };
		29E04DE2171C8578006B597F /* Message_Checking_outline@2x.png in Resources */ = {isa = PBXBuildFile; fileRef = 29E04DE0171C8578006B597F /* Message_Checking_outline@2x.png */; };
		29E04DE5171C9255006B597F /* ZBouncingCheckmarkButton.m in Sources */ = {isa = PBXBuildFile; fileRef = 29E04DE4171C9255006B597F /* ZBouncingCheckmarkButton.m */; };
		29FC732217493DEE007D2CC5 /* Feed_LikeButton_Selected.png in Resources */ = {isa = PBXBuildFile; fileRef = 29FC731E17493DEE007D2CC5 /* Feed_LikeButton_Selected.png */; };
		29FC732317493DEE007D2CC5 /* Feed_LikeButton_Selected@2x.png in Resources */ = {isa = PBXBuildFile; fileRef = 29FC731F17493DEE007D2CC5 /* Feed_LikeButton_Selected@2x.png */; };
		29FC732417493DEE007D2CC5 /* Feed_LikeButton.png in Resources */ = {isa = PBXBuildFile; fileRef = 29FC732017493DEE007D2CC5 /* Feed_LikeButton.png */; };
		29FC732517493DEE007D2CC5 /* Feed_LikeButton@2x.png in Resources */ = {isa = PBXBuildFile; fileRef = 29FC732117493DEE007D2CC5 /* Feed_LikeButton@2x.png */; };
/* End PBXBuildFile section */

/* Begin PBXFileReference section */
		29E04DAA171C73DB006B597F /* BouncingCheckmark.app */ = {isa = PBXFileReference; explicitFileType = wrapper.application; includeInIndex = 0; path = BouncingCheckmark.app; sourceTree = BUILT_PRODUCTS_DIR; };
		29E04DAD171C73DB006B597F /* UIKit.framework */ = {isa = PBXFileReference; lastKnownFileType = wrapper.framework; name = UIKit.framework; path = System/Library/Frameworks/UIKit.framework; sourceTree = SDKROOT; };
		29E04DAF171C73DB006B597F /* Foundation.framework */ = {isa = PBXFileReference; lastKnownFileType = wrapper.framework; name = Foundation.framework; path = System/Library/Frameworks/Foundation.framework; sourceTree = SDKROOT; };
		29E04DB1171C73DB006B597F /* CoreGraphics.framework */ = {isa = PBXFileReference; lastKnownFileType = wrapper.framework; name = CoreGraphics.framework; path = System/Library/Frameworks/CoreGraphics.framework; sourceTree = SDKROOT; };
		29E04DB5171C73DB006B597F /* BouncingCheckmark-Info.plist */ = {isa = PBXFileReference; lastKnownFileType = text.plist.xml; path = "BouncingCheckmark-Info.plist"; sourceTree = "<group>"; };
		29E04DB7171C73DB006B597F /* en */ = {isa = PBXFileReference; lastKnownFileType = text.plist.strings; name = en; path = en.lproj/InfoPlist.strings; sourceTree = "<group>"; };
		29E04DB9171C73DB006B597F /* main.m */ = {isa = PBXFileReference; lastKnownFileType = sourcecode.c.objc; path = main.m; sourceTree = "<group>"; };
		29E04DBB171C73DB006B597F /* BouncingCheckmark-Prefix.pch */ = {isa = PBXFileReference; lastKnownFileType = sourcecode.c.h; path = "BouncingCheckmark-Prefix.pch"; sourceTree = "<group>"; };
		29E04DBC171C73DB006B597F /* ZAppDelegate.h */ = {isa = PBXFileReference; lastKnownFileType = sourcecode.c.h; path = ZAppDelegate.h; sourceTree = "<group>"; };
		29E04DBD171C73DB006B597F /* ZAppDelegate.m */ = {isa = PBXFileReference; lastKnownFileType = sourcecode.c.objc; path = ZAppDelegate.m; sourceTree = "<group>"; };
		29E04DBF171C73DB006B597F /* Default.png */ = {isa = PBXFileReference; lastKnownFileType = image.png; path = Default.png; sourceTree = "<group>"; };
		29E04DC1171C73DB006B597F /* Default@2x.png */ = {isa = PBXFileReference; lastKnownFileType = image.png; path = "Default@2x.png"; sourceTree = "<group>"; };
		29E04DC3171C73DB006B597F /* Default-568h@2x.png */ = {isa = PBXFileReference; lastKnownFileType = image.png; path = "Default-568h@2x.png"; sourceTree = "<group>"; };
		29E04DC5171C73DB006B597F /* ZViewController.h */ = {isa = PBXFileReference; lastKnownFileType = sourcecode.c.h; path = ZViewController.h; sourceTree = "<group>"; };
		29E04DC6171C73DB006B597F /* ZViewController.m */ = {isa = PBXFileReference; lastKnownFileType = sourcecode.c.objc; path = ZViewController.m; sourceTree = "<group>"; };
		29E04DC9171C73DB006B597F /* en */ = {isa = PBXFileReference; lastKnownFileType = file.xib; name = en; path = en.lproj/ZViewController.xib; sourceTree = "<group>"; };
		29E04DD1171C73ED006B597F /* LICENSE.md */ = {isa = PBXFileReference; fileEncoding = 4; lastKnownFileType = text; path = LICENSE.md; sourceTree = "<group>"; };
		29E04DD2171C73ED006B597F /* README.md */ = {isa = PBXFileReference; fileEncoding = 4; lastKnownFileType = text; path = README.md; sourceTree = "<group>"; };
		29E04DD4171C73ED006B597F /* SKBounceAnimation.h */ = {isa = PBXFileReference; fileEncoding = 4; lastKnownFileType = sourcecode.c.h; path = SKBounceAnimation.h; sourceTree = "<group>"; };
		29E04DD5171C73ED006B597F /* SKBounceAnimation.m */ = {isa = PBXFileReference; fileEncoding = 4; lastKnownFileType = sourcecode.c.objc; path = SKBounceAnimation.m; sourceTree = "<group>"; };
		29E04DD9171C740E006B597F /* Message_Checking.png */ = {isa = PBXFileReference; lastKnownFileType = image.png; path = Message_Checking.png; sourceTree = "<group>"; };
		29E04DDA171C740E006B597F /* Message_Checking@2x.png */ = {isa = PBXFileReference; lastKnownFileType = image.png; path = "Message_Checking@2x.png"; sourceTree = "<group>"; };
		29E04DDD171C76EE006B597F /* QuartzCore.framework */ = {isa = PBXFileReference; lastKnownFileType = wrapper.framework; name = QuartzCore.framework; path = System/Library/Frameworks/QuartzCore.framework; sourceTree = SDKROOT; };
		29E04DDF171C8578006B597F /* Message_Checking_outline.png */ = {isa = PBXFileReference; lastKnownFileType = image.png; path = Message_Checking_outline.png; sourceTree = "<group>"; };
		29E04DE0171C8578006B597F /* Message_Checking_outline@2x.png */ = {isa = PBXFileReference; lastKnownFileType = image.png; path = "Message_Checking_outline@2x.png"; sourceTree = "<group>"; };
		29E04DE3171C9255006B597F /* ZBouncingCheckmarkButton.h */ = {isa = PBXFileReference; fileEncoding = 4; lastKnownFileType = sourcecode.c.h; path = ZBouncingCheckmarkButton.h; sourceTree = "<group>"; };
		29E04DE4171C9255006B597F /* ZBouncingCheckmarkButton.m */ = {isa = PBXFileReference; fileEncoding = 4; lastKnownFileType = sourcecode.c.objc; path = ZBouncingCheckmarkButton.m; sourceTree = "<group>"; };
		29FC731E17493DEE007D2CC5 /* Feed_LikeButton_Selected.png */ = {isa = PBXFileReference; lastKnownFileType = image.png; path = Feed_LikeButton_Selected.png; sourceTree = "<group>"; };
		29FC731F17493DEE007D2CC5 /* Feed_LikeButton_Selected@2x.png */ = {isa = PBXFileReference; lastKnownFileType = image.png; path = "Feed_LikeButton_Selected@2x.png"; sourceTree = "<group>"; };
		29FC732017493DEE007D2CC5 /* Feed_LikeButton.png */ = {isa = PBXFileReference; lastKnownFileType = image.png; path = Feed_LikeButton.png; sourceTree = "<group>"; };
		29FC732117493DEE007D2CC5 /* Feed_LikeButton@2x.png */ = {isa = PBXFileReference; lastKnownFileType = image.png; path = "Feed_LikeButton@2x.png"; sourceTree = "<group>"; };
/* End PBXFileReference section */

/* Begin PBXFrameworksBuildPhase section */
		29E04DA7171C73DB006B597F /* Frameworks */ = {
			isa = PBXFrameworksBuildPhase;
			buildActionMask = 2147483647;
			files = (
				29E04DDE171C76EE006B597F /* QuartzCore.framework in Frameworks */,
				29E04DAE171C73DB006B597F /* UIKit.framework in Frameworks */,
				29E04DB0171C73DB006B597F /* Foundation.framework in Frameworks */,
				29E04DB2171C73DB006B597F /* CoreGraphics.framework in Frameworks */,
			);
			runOnlyForDeploymentPostprocessing = 0;
		};
/* End PBXFrameworksBuildPhase section */

/* Begin PBXGroup section */
		29E04DA1171C73DB006B597F = {
			isa = PBXGroup;
			children = (
				29FC731E17493DEE007D2CC5 /* Feed_LikeButton_Selected.png */,
				29FC731F17493DEE007D2CC5 /* Feed_LikeButton_Selected@2x.png */,
				29FC732017493DEE007D2CC5 /* Feed_LikeButton.png */,
				29FC732117493DEE007D2CC5 /* Feed_LikeButton@2x.png */,
				29E04DE3171C9255006B597F /* ZBouncingCheckmarkButton.h */,
				29E04DE4171C9255006B597F /* ZBouncingCheckmarkButton.m */,
				29E04DDF171C8578006B597F /* Message_Checking_outline.png */,
				29E04DE0171C8578006B597F /* Message_Checking_outline@2x.png */,
				29E04DDD171C76EE006B597F /* QuartzCore.framework */,
				29E04DD9171C740E006B597F /* Message_Checking.png */,
				29E04DDA171C740E006B597F /* Message_Checking@2x.png */,
				29E04DD0171C73ED006B597F /* SKBounceAnimation */,
				29E04DB3171C73DB006B597F /* BouncingCheckmark */,
				29E04DAC171C73DB006B597F /* Frameworks */,
				29E04DAB171C73DB006B597F /* Products */,
			);
			sourceTree = "<group>";
		};
		29E04DAB171C73DB006B597F /* Products */ = {
			isa = PBXGroup;
			children = (
				29E04DAA171C73DB006B597F /* BouncingCheckmark.app */,
			);
			name = Products;
			sourceTree = "<group>";
		};
		29E04DAC171C73DB006B597F /* Frameworks */ = {
			isa = PBXGroup;
			children = (
				29E04DAD171C73DB006B597F /* UIKit.framework */,
				29E04DAF171C73DB006B597F /* Foundation.framework */,
				29E04DB1171C73DB006B597F /* CoreGraphics.framework */,
			);
			name = Frameworks;
			sourceTree = "<group>";
		};
		29E04DB3171C73DB006B597F /* BouncingCheckmark */ = {
			isa = PBXGroup;
			children = (
				29E04DBC171C73DB006B597F /* ZAppDelegate.h */,
				29E04DBD171C73DB006B597F /* ZAppDelegate.m */,
				29E04DC5171C73DB006B597F /* ZViewController.h */,
				29E04DC6171C73DB006B597F /* ZViewController.m */,
				29E04DC8171C73DB006B597F /* ZViewController.xib */,
				29E04DB4171C73DB006B597F /* Supporting Files */,
			);
			path = BouncingCheckmark;
			sourceTree = "<group>";
		};
		29E04DB4171C73DB006B597F /* Supporting Files */ = {
			isa = PBXGroup;
			children = (
				29E04DB5171C73DB006B597F /* BouncingCheckmark-Info.plist */,
				29E04DB6171C73DB006B597F /* InfoPlist.strings */,
				29E04DB9171C73DB006B597F /* main.m */,
				29E04DBB171C73DB006B597F /* BouncingCheckmark-Prefix.pch */,
				29E04DBF171C73DB006B597F /* Default.png */,
				29E04DC1171C73DB006B597F /* Default@2x.png */,
				29E04DC3171C73DB006B597F /* Default-568h@2x.png */,
			);
			name = "Supporting Files";
			sourceTree = "<group>";
		};
		29E04DD0171C73ED006B597F /* SKBounceAnimation */ = {
			isa = PBXGroup;
			children = (
				29E04DD1171C73ED006B597F /* LICENSE.md */,
				29E04DD2171C73ED006B597F /* README.md */,
				29E04DD3171C73ED006B597F /* SKBounceAnimation */,
			);
			path = SKBounceAnimation;
			sourceTree = "<group>";
		};
		29E04DD3171C73ED006B597F /* SKBounceAnimation */ = {
			isa = PBXGroup;
			children = (
				29E04DD4171C73ED006B597F /* SKBounceAnimation.h */,
				29E04DD5171C73ED006B597F /* SKBounceAnimation.m */,
			);
			path = SKBounceAnimation;
			sourceTree = "<group>";
		};
/* End PBXGroup section */

/* Begin PBXNativeTarget section */
		29E04DA9171C73DB006B597F /* BouncingCheckmark */ = {
			isa = PBXNativeTarget;
			buildConfigurationList = 29E04DCD171C73DB006B597F /* Build configuration list for PBXNativeTarget "BouncingCheckmark" */;
			buildPhases = (
				29E04DA6171C73DB006B597F /* Sources */,
				29E04DA7171C73DB006B597F /* Frameworks */,
				29E04DA8171C73DB006B597F /* Resources */,
			);
			buildRules = (
			);
			dependencies = (
			);
			name = BouncingCheckmark;
			productName = BouncingCheckmark;
			productReference = 29E04DAA171C73DB006B597F /* BouncingCheckmark.app */;
			productType = "com.apple.product-type.application";
		};
/* End PBXNativeTarget section */

/* Begin PBXProject section */
		29E04DA2171C73DB006B597F /* Project object */ = {
			isa = PBXProject;
			attributes = {
				CLASSPREFIX = Z;
				LastUpgradeCheck = 0460;
				ORGANIZATIONNAME = com.zodio;
			};
			buildConfigurationList = 29E04DA5171C73DB006B597F /* Build configuration list for PBXProject "BouncingCheckmark" */;
			compatibilityVersion = "Xcode 3.2";
			developmentRegion = English;
			hasScannedForEncodings = 0;
			knownRegions = (
				en,
			);
			mainGroup = 29E04DA1171C73DB006B597F;
			productRefGroup = 29E04DAB171C73DB006B597F /* Products */;
			projectDirPath = "";
			projectRoot = "";
			targets = (
				29E04DA9171C73DB006B597F /* BouncingCheckmark */,
			);
		};
/* End PBXProject section */

/* Begin PBXResourcesBuildPhase section */
		29E04DA8171C73DB006B597F /* Resources */ = {
			isa = PBXResourcesBuildPhase;
			buildActionMask = 2147483647;
			files = (
				29E04DB8171C73DB006B597F /* InfoPlist.strings in Resources */,
				29E04DC0171C73DB006B597F /* Default.png in Resources */,
				29E04DC2171C73DB006B597F /* Default@2x.png in Resources */,
				29E04DC4171C73DB006B597F /* Default-568h@2x.png in Resources */,
				29E04DCA171C73DB006B597F /* ZViewController.xib in Resources */,
				29E04DD6171C73ED006B597F /* LICENSE.md in Resources */,
				29E04DD7171C73ED006B597F /* README.md in Resources */,
				29E04DDB171C740E006B597F /* Message_Checking.png in Resources */,
				29E04DDC171C740E006B597F /* Message_Checking@2x.png in Resources */,
				29E04DE1171C8578006B597F /* Message_Checking_outline.png in Resources */,
				29E04DE2171C8578006B597F /* Message_Checking_outline@2x.png in Resources */,
				29FC732217493DEE007D2CC5 /* Feed_LikeButton_Selected.png in Resources */,
				29FC732317493DEE007D2CC5 /* Feed_LikeButton_Selected@2x.png in Resources */,
				29FC732417493DEE007D2CC5 /* Feed_LikeButton.png in Resources */,
				29FC732517493DEE007D2CC5 /* Feed_LikeButton@2x.png in Resources */,
			);
			runOnlyForDeploymentPostprocessing = 0;
		};
/* End PBXResourcesBuildPhase section */

/* Begin PBXSourcesBuildPhase section */
		29E04DA6171C73DB006B597F /* Sources */ = {
			isa = PBXSourcesBuildPhase;
			buildActionMask = 2147483647;
			files = (
				29E04DBA171C73DB006B597F /* main.m in Sources */,
				29E04DBE171C73DB006B597F /* ZAppDelegate.m in Sources */,
				29E04DC7171C73DB006B597F /* ZViewController.m in Sources */,
				29E04DD8171C73ED006B597F /* SKBounceAnimation.m in Sources */,
				29E04DE5171C9255006B597F /* ZBouncingCheckmarkButton.m in Sources */,
			);
			runOnlyForDeploymentPostprocessing = 0;
		};
/* End PBXSourcesBuildPhase section */

/* Begin PBXVariantGroup section */
		29E04DB6171C73DB006B597F /* InfoPlist.strings */ = {
			isa = PBXVariantGroup;
			children = (
				29E04DB7171C73DB006B597F /* en */,
			);
			name = InfoPlist.strings;
			sourceTree = "<group>";
		};
		29E04DC8171C73DB006B597F /* ZViewController.xib */ = {
			isa = PBXVariantGroup;
			children = (
				29E04DC9171C73DB006B597F /* en */,
			);
			name = ZViewController.xib;
			sourceTree = "<group>";
		};
/* End PBXVariantGroup section */

/* Begin XCBuildConfiguration section */
		29E04DCB171C73DB006B597F /* Debug */ = {
			isa = XCBuildConfiguration;
			buildSettings = {
				ALWAYS_SEARCH_USER_PATHS = NO;
				CLANG_CXX_LANGUAGE_STANDARD = "gnu++0x";
				CLANG_CXX_LIBRARY = "libc++";
				CLANG_ENABLE_OBJC_ARC = YES;
				CLANG_WARN_CONSTANT_CONVERSION = YES;
				CLANG_WARN_EMPTY_BODY = YES;
				CLANG_WARN_ENUM_CONVERSION = YES;
				CLANG_WARN_INT_CONVERSION = YES;
				CLANG_WARN__DUPLICATE_METHOD_MATCH = YES;
				"CODE_SIGN_IDENTITY[sdk=iphoneos*]" = "iPhone Developer";
				COPY_PHASE_STRIP = NO;
				GCC_C_LANGUAGE_STANDARD = gnu99;
				GCC_DYNAMIC_NO_PIC = NO;
				GCC_OPTIMIZATION_LEVEL = 0;
				GCC_PREPROCESSOR_DEFINITIONS = (
					"DEBUG=1",
					"$(inherited)",
				);
				GCC_SYMBOLS_PRIVATE_EXTERN = NO;
				GCC_WARN_ABOUT_RETURN_TYPE = YES;
				GCC_WARN_UNINITIALIZED_AUTOS = YES;
				GCC_WARN_UNUSED_VARIABLE = YES;
				IPHONEOS_DEPLOYMENT_TARGET = 6.1;
				ONLY_ACTIVE_ARCH = YES;
				SDKROOT = iphoneos;
			};
			name = Debug;
		};
		29E04DCC171C73DB006B597F /* Release */ = {
			isa = XCBuildConfiguration;
			buildSettings = {
				ALWAYS_SEARCH_USER_PATHS = NO;
				CLANG_CXX_LANGUAGE_STANDARD = "gnu++0x";
				CLANG_CXX_LIBRARY = "libc++";
				CLANG_ENABLE_OBJC_ARC = YES;
				CLANG_WARN_CONSTANT_CONVERSION = YES;
				CLANG_WARN_EMPTY_BODY = YES;
				CLANG_WARN_ENUM_CONVERSION = YES;
				CLANG_WARN_INT_CONVERSION = YES;
				CLANG_WARN__DUPLICATE_METHOD_MATCH = YES;
				"CODE_SIGN_IDENTITY[sdk=iphoneos*]" = "iPhone Developer";
				COPY_PHASE_STRIP = YES;
				GCC_C_LANGUAGE_STANDARD = gnu99;
				GCC_WARN_ABOUT_RETURN_TYPE = YES;
				GCC_WARN_UNINITIALIZED_AUTOS = YES;
				GCC_WARN_UNUSED_VARIABLE = YES;
				IPHONEOS_DEPLOYMENT_TARGET = 6.1;
				OTHER_CFLAGS = "-DNS_BLOCK_ASSERTIONS=1";
				SDKROOT = iphoneos;
				VALIDATE_PRODUCT = YES;
			};
			name = Release;
		};
		29E04DCE171C73DB006B597F /* Debug */ = {
			isa = XCBuildConfiguration;
			buildSettings = {
				GCC_PRECOMPILE_PREFIX_HEADER = YES;
				GCC_PREFIX_HEADER = "BouncingCheckmark/BouncingCheckmark-Prefix.pch";
				INFOPLIST_FILE = "BouncingCheckmark/BouncingCheckmark-Info.plist";
				PRODUCT_NAME = "$(TARGET_NAME)";
				WRAPPER_EXTENSION = app;
			};
			name = Debug;
		};
		29E04DCF171C73DB006B597F /* Release */ = {
			isa = XCBuildConfiguration;
			buildSettings = {
				GCC_PRECOMPILE_PREFIX_HEADER = YES;
				GCC_PREFIX_HEADER = "BouncingCheckmark/BouncingCheckmark-Prefix.pch";
				INFOPLIST_FILE = "BouncingCheckmark/BouncingCheckmark-Info.plist";
				PRODUCT_NAME = "$(TARGET_NAME)";
				WRAPPER_EXTENSION = app;
			};
			name = Release;
		};
/* End XCBuildConfiguration section */

/* Begin XCConfigurationList section */
		29E04DA5171C73DB006B597F /* Build configuration list for PBXProject "BouncingCheckmark" */ = {
			isa = XCConfigurationList;
			buildConfigurations = (
				29E04DCB171C73DB006B597F /* Debug */,
				29E04DCC171C73DB006B597F /* Release */,
			);
			defaultConfigurationIsVisible = 0;
			defaultConfigurationName = Release;
		};
		29E04DCD171C73DB006B597F /* Build configuration list for PBXNativeTarget "BouncingCheckmark" */ = {
			isa = XCConfigurationList;
			buildConfigurations = (
				29E04DCE171C73DB006B597F /* Debug */,
				29E04DCF171C73DB006B597F /* Release */,
			);
			defaultConfigurationIsVisible = 0;
			defaultConfigurationName = Release;
		};
/* End XCConfigurationList section */
	};
	rootObject = 29E04DA2171C73DB006B597F /* Project object */;
}
